
Microsoft Visual Studio Solution File, Format Version 12.00
# Visual Studio Version 17
VisualStudioVersion = 17.5.002.0
MinimumVisualStudioVersion = 10.0.40219.1
Project("{9A19103F-16F7-4668-BE54-9A1E7A4F7556}") = "DesafiosArrays", "DesafiosArrays.csproj", "{29AA9D11-242A-4475-9ED5-A1BE9D36DCBC}"
EndProject
Global
	GlobalSection(SolutionConfigurationPlatforms) = preSolution
		Debug|Any CPU = Debug|Any CPU
		Release|Any CPU = Release|Any CPU
	EndGlobalSection
	GlobalSection(ProjectConfigurationPlatforms) = postSolution
		{29AA9D11-242A-4475-9ED5-A1BE9D36DCBC}.Debug|Any CPU.ActiveCfg = Debug|Any CPU
		{29AA9D11-242A-4475-9ED5-A1BE9D36DCBC}.Debug|Any CPU.Build.0 = Debug|Any CPU
		{29AA9D11-242A-4475-9ED5-A1BE9D36DCBC}.Release|Any CPU.ActiveCfg = Release|Any CPU
		{29AA9D11-242A-4475-9ED5-A1BE9D36DCBC}.Release|Any CPU.Build.0 = Release|Any CPU
	EndGlobalSection
	GlobalSection(SolutionProperties) = preSolution
		HideSolutionNode = FALSE
	EndGlobalSection
	GlobalSection(ExtensibilityGlobals) = postSolution
		SolutionGuid = {5A665B7A-B7CD-461C-BA3C-901CBE632957}
	EndGlobalSection
EndGlobal
